
Microsoft Visual Studio Solution File, Format Version 12.00
# Visual Studio 15
VisualStudioVersion = 15.0.28010.2026
MinimumVisualStudioVersion = 10.0.40219.1
Project("{FAE04EC0-301F-11D3-BF4B-00C04F79EFBC}") = "WebClient", "WebClient\WebClient.csproj", "{F88C76E7-9CD1-409B-8FC0-1AF4E30B308B}"
EndProject
Global
	GlobalSection(SolutionConfigurationPlatforms) = preSolution
		Debug|Any CPU = Debug|Any CPU
		Release|Any CPU = Release|Any CPU
	EndGlobalSection
	GlobalSection(ProjectConfigurationPlatforms) = postSolution
		{F88C76E7-9CD1-409B-8FC0-1AF4E30B308B}.Debug|Any CPU.ActiveCfg = Debug|Any CPU
		{F88C76E7-9CD1-409B-8FC0-1AF4E30B308B}.Debug|Any CPU.Build.0 = Debug|Any CPU
		{F88C76E7-9CD1-409B-8FC0-1AF4E30B308B}.Release|Any CPU.ActiveCfg = Release|Any CPU
		{F88C76E7-9CD1-409B-8FC0-1AF4E30B308B}.Release|Any CPU.Build.0 = Release|Any CPU
	EndGlobalSection
	GlobalSection(SolutionProperties) = preSolution
		HideSolutionNode = FALSE
	EndGlobalSection
	GlobalSection(ExtensibilityGlobals) = postSolution
		SolutionGuid = {BE0CFE0F-D9D4-4B71-B736-A99D6B485F4F}
	EndGlobalSection
EndGlobal
